
Microsoft Visual Studio Solution File, Format Version 12.00
# Visual Studio Version 17
VisualStudioVersion = 17.7.34024.191
MinimumVisualStudioVersion = 10.0.40219.1
Project("{FAE04EC0-301F-11D3-BF4B-00C04F79EFBC}") = "AdliSicilDogrulama", "AdliSicilDogrulama.csproj", "{F408814F-63BB-49A0-BC5C-E0EF06F89E52}"
EndProject
Global
	GlobalSection(SolutionConfigurationPlatforms) = preSolution
		Debug|Any CPU = Debug|Any CPU
		Release|Any CPU = Release|Any CPU
	EndGlobalSection
	GlobalSection(ProjectConfigurationPlatforms) = postSolution
		{F408814F-63BB-49A0-BC5C-E0EF06F89E52}.Debug|Any CPU.ActiveCfg = Debug|Any CPU
		{F408814F-63BB-49A0-BC5C-E0EF06F89E52}.Debug|Any CPU.Build.0 = Debug|Any CPU
		{F408814F-63BB-49A0-BC5C-E0EF06F89E52}.Release|Any CPU.ActiveCfg = Release|Any CPU
		{F408814F-63BB-49A0-BC5C-E0EF06F89E52}.Release|Any CPU.Build.0 = Release|Any CPU
	EndGlobalSection
	GlobalSection(SolutionProperties) = preSolution
		HideSolutionNode = FALSE
	EndGlobalSection
	GlobalSection(ExtensibilityGlobals) = postSolution
		SolutionGuid = {0F7CB096-7258-4EF3-85F1-CC3404D7E4E4}
	EndGlobalSection
EndGlobal
