
Microsoft Visual Studio Solution File, Format Version 12.00
# Visual Studio Version 16
VisualStudioVersion = 16.0.30621.155
MinimumVisualStudioVersion = 10.0.40219.1
Project("{FAE04EC0-301F-11D3-BF4B-00C04F79EFBC}") = "StickyNote", "StickyNote.csproj", "{F7A117AB-C86C-4207-8E9A-3B333102A919}"
EndProject
Global
	GlobalSection(SolutionConfigurationPlatforms) = preSolution
		Debug|Any CPU = Debug|Any CPU
		Release|Any CPU = Release|Any CPU
	EndGlobalSection
	GlobalSection(ProjectConfigurationPlatforms) = postSolution
		{F7A117AB-C86C-4207-8E9A-3B333102A919}.Debug|Any CPU.ActiveCfg = Debug|Any CPU
		{F7A117AB-C86C-4207-8E9A-3B333102A919}.Debug|Any CPU.Build.0 = Debug|Any CPU
		{F7A117AB-C86C-4207-8E9A-3B333102A919}.Release|Any CPU.ActiveCfg = Release|Any CPU
		{F7A117AB-C86C-4207-8E9A-3B333102A919}.Release|Any CPU.Build.0 = Release|Any CPU
	EndGlobalSection
	GlobalSection(SolutionProperties) = preSolution
		HideSolutionNode = FALSE
	EndGlobalSection
	GlobalSection(ExtensibilityGlobals) = postSolution
		SolutionGuid = {EC29DCB3-9839-4A47-A74D-D43695EC9D58}
	EndGlobalSection
EndGlobal
